
Microsoft Visual Studio Solution File, Format Version 12.00
# Visual Studio Version 17
VisualStudioVersion = 17.11.35327.3
MinimumVisualStudioVersion = 10.0.40219.1
Project("{9A19103F-16F7-4668-BE54-9A1E7A4F7556}") = "TransitConnex.API", "TransitConnex.API\TransitConnex.API.csproj", "{F3DDA2A3-BD2D-4639-ABEB-D1CD69B05D42}"
	ProjectSection(ProjectDependencies) = postProject
		{33FC299F-7198-4C3F-83E7-E2BB8E2975F9} = {33FC299F-7198-4C3F-83E7-E2BB8E2975F9}
	EndProjectSection
EndProject
Project("{9A19103F-16F7-4668-BE54-9A1E7A4F7556}") = "TransitConnex.Domain", "TransitConnex.Domain\TransitConnex.Domain.csproj", "{33FC299F-7198-4C3F-83E7-E2BB8E2975F9}"
EndProject
Project("{9A19103F-16F7-4668-BE54-9A1E7A4F7556}") = "TransitConnex.Command", "TransitConnex.Command\TransitConnex.Command.csproj", "{A3247F6A-73B6-4511-8E6B-0BCF427ACC8E}"
EndProject
Project("{2150E333-8FDC-42A3-9474-1A3956D46DE8}") = "tests", "tests", "{110B69AE-E798-4674-BF48-AD6320347D1B}"
EndProject
Project("{FAE04EC0-301F-11D3-BF4B-00C04F79EFBC}") = "CollectionGenerator", "CollectionGenerator\CollectionGenerator.csproj", "{1D1A3302-E15E-45A9-BAF8-CE2BAE61286E}"
EndProject
Project("{FAE04EC0-301F-11D3-BF4B-00C04F79EFBC}") = "TransitConnex.Query", "TransitConnex.Query\TransitConnex.Query.csproj", "{8220E375-AA72-46D5-80E5-B21062410191}"
EndProject
Project("{FAE04EC0-301F-11D3-BF4B-00C04F79EFBC}") = "TransitConnex.UnitTests", "TransitConnex.UnitTests\TransitConnex.UnitTests.csproj", "{996DCE81-1E31-4DC5-8B5D-56F240885104}"
EndProject
Project("{2150E333-8FDC-42A3-9474-1A3956D46DE8}") = "Solution Items", "Solution Items", "{4E0614E1-131C-4EFE-8453-384B544C1083}"
	ProjectSection(SolutionItems) = preProject
		.editorconfig = .editorconfig
		.gitattributes = .gitattributes
		.gitignore = .gitignore
		README.md = README.md
	EndProjectSection
EndProject
Global
	GlobalSection(SolutionConfigurationPlatforms) = preSolution
		dbUpdate|Any CPU = dbUpdate|Any CPU
		Debug|Any CPU = Debug|Any CPU
		Release|Any CPU = Release|Any CPU
	EndGlobalSection
	GlobalSection(ProjectConfigurationPlatforms) = postSolution
		{F3DDA2A3-BD2D-4639-ABEB-D1CD69B05D42}.dbUpdate|Any CPU.ActiveCfg = Debug|Any CPU
		{F3DDA2A3-BD2D-4639-ABEB-D1CD69B05D42}.dbUpdate|Any CPU.Build.0 = Debug|Any CPU
		{F3DDA2A3-BD2D-4639-ABEB-D1CD69B05D42}.Debug|Any CPU.ActiveCfg = Debug|Any CPU
		{F3DDA2A3-BD2D-4639-ABEB-D1CD69B05D42}.Debug|Any CPU.Build.0 = Debug|Any CPU
		{F3DDA2A3-BD2D-4639-ABEB-D1CD69B05D42}.Release|Any CPU.ActiveCfg = Release|Any CPU
		{F3DDA2A3-BD2D-4639-ABEB-D1CD69B05D42}.Release|Any CPU.Build.0 = Release|Any CPU
		{33FC299F-7198-4C3F-83E7-E2BB8E2975F9}.dbUpdate|Any CPU.ActiveCfg = Debug|Any CPU
		{33FC299F-7198-4C3F-83E7-E2BB8E2975F9}.dbUpdate|Any CPU.Build.0 = Debug|Any CPU
		{33FC299F-7198-4C3F-83E7-E2BB8E2975F9}.Debug|Any CPU.ActiveCfg = Debug|Any CPU
		{33FC299F-7198-4C3F-83E7-E2BB8E2975F9}.Debug|Any CPU.Build.0 = Debug|Any CPU
		{33FC299F-7198-4C3F-83E7-E2BB8E2975F9}.Release|Any CPU.ActiveCfg = Release|Any CPU
		{33FC299F-7198-4C3F-83E7-E2BB8E2975F9}.Release|Any CPU.Build.0 = Release|Any CPU
		{A3247F6A-73B6-4511-8E6B-0BCF427ACC8E}.dbUpdate|Any CPU.ActiveCfg = Debug|Any CPU
		{A3247F6A-73B6-4511-8E6B-0BCF427ACC8E}.dbUpdate|Any CPU.Build.0 = Debug|Any CPU
		{A3247F6A-73B6-4511-8E6B-0BCF427ACC8E}.Debug|Any CPU.ActiveCfg = Debug|Any CPU
		{A3247F6A-73B6-4511-8E6B-0BCF427ACC8E}.Debug|Any CPU.Build.0 = Debug|Any CPU
		{A3247F6A-73B6-4511-8E6B-0BCF427ACC8E}.Release|Any CPU.ActiveCfg = Release|Any CPU
		{A3247F6A-73B6-4511-8E6B-0BCF427ACC8E}.Release|Any CPU.Build.0 = Release|Any CPU
		{1D1A3302-E15E-45A9-BAF8-CE2BAE61286E}.dbUpdate|Any CPU.ActiveCfg = Debug|Any CPU
		{1D1A3302-E15E-45A9-BAF8-CE2BAE61286E}.dbUpdate|Any CPU.Build.0 = Debug|Any CPU
		{1D1A3302-E15E-45A9-BAF8-CE2BAE61286E}.Debug|Any CPU.ActiveCfg = Debug|Any CPU
		{1D1A3302-E15E-45A9-BAF8-CE2BAE61286E}.Debug|Any CPU.Build.0 = Debug|Any CPU
		{1D1A3302-E15E-45A9-BAF8-CE2BAE61286E}.Release|Any CPU.ActiveCfg = Release|Any CPU
		{1D1A3302-E15E-45A9-BAF8-CE2BAE61286E}.Release|Any CPU.Build.0 = Release|Any CPU
		{8220E375-AA72-46D5-80E5-B21062410191}.dbUpdate|Any CPU.ActiveCfg = Debug|Any CPU
		{8220E375-AA72-46D5-80E5-B21062410191}.dbUpdate|Any CPU.Build.0 = Debug|Any CPU
		{8220E375-AA72-46D5-80E5-B21062410191}.Debug|Any CPU.ActiveCfg = Debug|Any CPU
		{8220E375-AA72-46D5-80E5-B21062410191}.Debug|Any CPU.Build.0 = Debug|Any CPU
		{8220E375-AA72-46D5-80E5-B21062410191}.Release|Any CPU.ActiveCfg = Release|Any CPU
		{8220E375-AA72-46D5-80E5-B21062410191}.Release|Any CPU.Build.0 = Release|Any CPU
		{996DCE81-1E31-4DC5-8B5D-56F240885104}.dbUpdate|Any CPU.ActiveCfg = Debug|Any CPU
		{996DCE81-1E31-4DC5-8B5D-56F240885104}.dbUpdate|Any CPU.Build.0 = Debug|Any CPU
		{996DCE81-1E31-4DC5-8B5D-56F240885104}.Debug|Any CPU.ActiveCfg = Debug|Any CPU
		{996DCE81-1E31-4DC5-8B5D-56F240885104}.Debug|Any CPU.Build.0 = Debug|Any CPU
		{996DCE81-1E31-4DC5-8B5D-56F240885104}.Release|Any CPU.ActiveCfg = Release|Any CPU
		{996DCE81-1E31-4DC5-8B5D-56F240885104}.Release|Any CPU.Build.0 = Release|Any CPU
	EndGlobalSection
	GlobalSection(SolutionProperties) = preSolution
		HideSolutionNode = FALSE
	EndGlobalSection
	GlobalSection(NestedProjects) = preSolution
		{1D1A3302-E15E-45A9-BAF8-CE2BAE61286E} = {110B69AE-E798-4674-BF48-AD6320347D1B}
		{996DCE81-1E31-4DC5-8B5D-56F240885104} = {110B69AE-E798-4674-BF48-AD6320347D1B}
	EndGlobalSection
	GlobalSection(ExtensibilityGlobals) = postSolution
		SolutionGuid = {FA6BA01A-502E-42B6-941A-D834288F8B60}
	EndGlobalSection
EndGlobal
